
Microsoft Visual Studio Solution File, Format Version 12.00
# Visual Studio 15
VisualStudioVersion = 15.0.28306.52
MinimumVisualStudioVersion = 10.0.40219.1
Project("{F184B08F-C81C-45F6-A57F-5ABD9991F28F}") = "turicor", "turicor\turicor.vbproj", "{5391F35A-8EEB-428C-8B9E-DA7105D31C85}"
EndProject
Global
	GlobalSection(SolutionConfigurationPlatforms) = preSolution
		Debug|Any CPU = Debug|Any CPU
		Release|Any CPU = Release|Any CPU
	EndGlobalSection
	GlobalSection(ProjectConfigurationPlatforms) = postSolution
		{5391F35A-8EEB-428C-8B9E-DA7105D31C85}.Debug|Any CPU.ActiveCfg = Debug|Any CPU
		{5391F35A-8EEB-428C-8B9E-DA7105D31C85}.Debug|Any CPU.Build.0 = Debug|Any CPU
		{5391F35A-8EEB-428C-8B9E-DA7105D31C85}.Release|Any CPU.ActiveCfg = Release|Any CPU
		{5391F35A-8EEB-428C-8B9E-DA7105D31C85}.Release|Any CPU.Build.0 = Release|Any CPU
	EndGlobalSection
	GlobalSection(SolutionProperties) = preSolution
		HideSolutionNode = FALSE
	EndGlobalSection
	GlobalSection(ExtensibilityGlobals) = postSolution
		SolutionGuid = {742CA38A-CB9E-4EFF-A76B-75BB0A3F5C86}
	EndGlobalSection
EndGlobal
